github.com/tdewolff/minify/v2 v2.24.15 h1:8ZDedhC4r6xWKG+pI7c2ATDlJW6VXcDU92OIGQ+i6Nk=
github.com/tdewolff/minify/v2 v2.24.15/go.mod h1:G6yep6HFo3u2eoOcIVBKSNwpoW2wXvPjvnFRj3w1zlc=
github.com/tdewolff/parse/v2 v2.8.15 h1:3/Psth16LHpsy2NS/7ShXDsoWt1x0f3tQMSbmQi+jO8=
github.com/tdewolff/parse/v2 v2.8.15/go.mod h1:XdsoSFThlVIRIajAuqz1evNY7bagZS8LBOPA3aVopwQ=
github.com/tdewolff/test v1.0.12 h1:7F21DqIajswxuche0geHdrUZRCWE4oko4b7bcmkkrxk=
github.com/tdewolff/test v1.0.12/go.mod h1:XPuWBzvdUzhCuxWO1ojpXsyzsA5bFoS3tO/Q3kFuTG8=
