github.com/tdewolff/minify/v2 v2.24.19 h1:j2exx54gvrCFN9UiFm0Z5vbNWBFcuY5Ql1VmaM2Dkeo=
github.com/tdewolff/minify/v2 v2.24.19/go.mod h1:HVgQO08FJeDxQx+lcFOVDi1IySi/77WlN/dDckCkZoA=
github.com/tdewolff/parse/v2 v2.8.16 h1:bLk5svUOQRkW/Y2SJ+DeENSIkZBcTIkq+Atyv5D8feI=
github.com/tdewolff/parse/v2 v2.8.16/go.mod h1:XdsoSFThlVIRIajAuqz1evNY7bagZS8LBOPA3aVopwQ=
github.com/tdewolff/test v1.0.12 h1:7F21DqIajswxuche0geHdrUZRCWE4oko4b7bcmkkrxk=
github.com/tdewolff/test v1.0.12/go.mod h1:XPuWBzvdUzhCuxWO1ojpXsyzsA5bFoS3tO/Q3kFuTG8=
